
Microsoft Visual Studio Solution File, Format Version 12.00
# Visual Studio Version 17
VisualStudioVersion = 17.0.31903.59
MinimumVisualStudioVersion = 10.0.40219.1
Project("{FAE04EC0-301F-11D3-BF4B-00C04F79EFBC}") = "PRN232.LMS.API", "PRN232.LMS.API\PRN232.LMS.API.csproj", "{9AF633D8-CD6B-4879-B0A0-18D53AC1EB19}"
EndProject
Project("{FAE04EC0-301F-11D3-BF4B-00C04F79EFBC}") = "PRN232.LMS.Services", "PRN232.LMS.Services\PRN232.LMS.Services.csproj", "{34AFF6AE-C3AD-4506-BE07-9F98241E8C3D}"
EndProject
Project("{FAE04EC0-301F-11D3-BF4B-00C04F79EFBC}") = "PRN232.LMS.Repositories", "PRN232.LMS.Repositories\PRN232.LMS.Repositories.csproj", "{C0C6957E-53C9-490A-B8F1-A4B7CF95FEEE}"
EndProject
Global
	GlobalSection(SolutionConfigurationPlatforms) = preSolution
		Debug|Any CPU = Debug|Any CPU
		Debug|x64 = Debug|x64
		Debug|x86 = Debug|x86
		Release|Any CPU = Release|Any CPU
		Release|x64 = Release|x64
		Release|x86 = Release|x86
	EndGlobalSection
	GlobalSection(ProjectConfigurationPlatforms) = postSolution
		{9AF633D8-CD6B-4879-B0A0-18D53AC1EB19}.Debug|Any CPU.ActiveCfg = Debug|Any CPU
		{9AF633D8-CD6B-4879-B0A0-18D53AC1EB19}.Debug|Any CPU.Build.0 = Debug|Any CPU
		{9AF633D8-CD6B-4879-B0A0-18D53AC1EB19}.Debug|x64.ActiveCfg = Debug|Any CPU
		{9AF633D8-CD6B-4879-B0A0-18D53AC1EB19}.Debug|x64.Build.0 = Debug|Any CPU
		{9AF633D8-CD6B-4879-B0A0-18D53AC1EB19}.Debug|x86.ActiveCfg = Debug|Any CPU
		{9AF633D8-CD6B-4879-B0A0-18D53AC1EB19}.Debug|x86.Build.0 = Debug|Any CPU
		{9AF633D8-CD6B-4879-B0A0-18D53AC1EB19}.Release|Any CPU.ActiveCfg = Release|Any CPU
		{9AF633D8-CD6B-4879-B0A0-18D53AC1EB19}.Release|Any CPU.Build.0 = Release|Any CPU
		{9AF633D8-CD6B-4879-B0A0-18D53AC1EB19}.Release|x64.ActiveCfg = Release|Any CPU
		{9AF633D8-CD6B-4879-B0A0-18D53AC1EB19}.Release|x64.Build.0 = Release|Any CPU
		{9AF633D8-CD6B-4879-B0A0-18D53AC1EB19}.Release|x86.ActiveCfg = Release|Any CPU
		{9AF633D8-CD6B-4879-B0A0-18D53AC1EB19}.Release|x86.Build.0 = Release|Any CPU
		{34AFF6AE-C3AD-4506-BE07-9F98241E8C3D}.Debug|Any CPU.ActiveCfg = Debug|Any CPU
		{34AFF6AE-C3AD-4506-BE07-9F98241E8C3D}.Debug|Any CPU.Build.0 = Debug|Any CPU
		{34AFF6AE-C3AD-4506-BE07-9F98241E8C3D}.Debug|x64.ActiveCfg = Debug|Any CPU
		{34AFF6AE-C3AD-4506-BE07-9F98241E8C3D}.Debug|x64.Build.0 = Debug|Any CPU
		{34AFF6AE-C3AD-4506-BE07-9F98241E8C3D}.Debug|x86.ActiveCfg = Debug|Any CPU
		{34AFF6AE-C3AD-4506-BE07-9F98241E8C3D}.Debug|x86.Build.0 = Debug|Any CPU
		{34AFF6AE-C3AD-4506-BE07-9F98241E8C3D}.Release|Any CPU.ActiveCfg = Release|Any CPU
		{34AFF6AE-C3AD-4506-BE07-9F98241E8C3D}.Release|Any CPU.Build.0 = Release|Any CPU
		{34AFF6AE-C3AD-4506-BE07-9F98241E8C3D}.Release|x64.ActiveCfg = Release|Any CPU
		{34AFF6AE-C3AD-4506-BE07-9F98241E8C3D}.Release|x64.Build.0 = Release|Any CPU
		{34AFF6AE-C3AD-4506-BE07-9F98241E8C3D}.Release|x86.ActiveCfg = Release|Any CPU
		{34AFF6AE-C3AD-4506-BE07-9F98241E8C3D}.Release|x86.Build.0 = Release|Any CPU
		{C0C6957E-53C9-490A-B8F1-A4B7CF95FEEE}.Debug|Any CPU.ActiveCfg = Debug|Any CPU
		{C0C6957E-53C9-490A-B8F1-A4B7CF95FEEE}.Debug|Any CPU.Build.0 = Debug|Any CPU
		{C0C6957E-53C9-490A-B8F1-A4B7CF95FEEE}.Debug|x64.ActiveCfg = Debug|Any CPU
		{C0C6957E-53C9-490A-B8F1-A4B7CF95FEEE}.Debug|x64.Build.0 = Debug|Any CPU
		{C0C6957E-53C9-490A-B8F1-A4B7CF95FEEE}.Debug|x86.ActiveCfg = Debug|Any CPU
		{C0C6957E-53C9-490A-B8F1-A4B7CF95FEEE}.Debug|x86.Build.0 = Debug|Any CPU
		{C0C6957E-53C9-490A-B8F1-A4B7CF95FEEE}.Release|Any CPU.ActiveCfg = Release|Any CPU
		{C0C6957E-53C9-490A-B8F1-A4B7CF95FEEE}.Release|Any CPU.Build.0 = Release|Any CPU
		{C0C6957E-53C9-490A-B8F1-A4B7CF95FEEE}.Release|x64.ActiveCfg = Release|Any CPU
		{C0C6957E-53C9-490A-B8F1-A4B7CF95FEEE}.Release|x64.Build.0 = Release|Any CPU
		{C0C6957E-53C9-490A-B8F1-A4B7CF95FEEE}.Release|x86.ActiveCfg = Release|Any CPU
		{C0C6957E-53C9-490A-B8F1-A4B7CF95FEEE}.Release|x86.Build.0 = Release|Any CPU
	EndGlobalSection
	GlobalSection(SolutionProperties) = preSolution
		HideSolutionNode = FALSE
	EndGlobalSection
EndGlobal
